
Microsoft Visual Studio Solution File, Format Version 12.00
# Visual Studio 15
Project("{FAE04EC0-301F-11D3-BF4B-00C04F79EFBC}") = "Assembly-CSharp", "Assembly-CSharp.csproj", "{CA87E643-59D7-3AA4-C8DA-41BF080C8461}"
EndProject
Project("{FAE04EC0-301F-11D3-BF4B-00C04F79EFBC}") = "Assembly-CSharp-firstpass", "Assembly-CSharp-firstpass.csproj", "{F8A8E8A5-69C8-E122-6610-390B0647FD1E}"
EndProject
Project("{FAE04EC0-301F-11D3-BF4B-00C04F79EFBC}") = "NavMeshComponents", "NavMeshComponents.csproj", "{CF29AD5A-3102-9EB9-27C8-D837FEF49518}"
EndProject
Project("{FAE04EC0-301F-11D3-BF4B-00C04F79EFBC}") = "NavMeshComponentsEditor", "NavMeshComponentsEditor.csproj", "{AE73DB0F-6492-8F07-652A-48D3920887AB}"
EndProject
Project("{FAE04EC0-301F-11D3-BF4B-00C04F79EFBC}") = "Assembly-CSharp-Editor-firstpass", "Assembly-CSharp-Editor-firstpass.csproj", "{64BF0A0E-B850-3BD7-5885-2D29A2893489}"
EndProject
Global
	GlobalSection(SolutionConfigurationPlatforms) = preSolution
		Debug|Any CPU = Debug|Any CPU
		Release|Any CPU = Release|Any CPU
	EndGlobalSection
	GlobalSection(ProjectConfigurationPlatforms) = postSolution
		{CA87E643-59D7-3AA4-C8DA-41BF080C8461}.Debug|Any CPU.ActiveCfg = Debug|Any CPU
		{CA87E643-59D7-3AA4-C8DA-41BF080C8461}.Debug|Any CPU.Build.0 = Debug|Any CPU
		{CA87E643-59D7-3AA4-C8DA-41BF080C8461}.Release|Any CPU.ActiveCfg = Release|Any CPU
		{CA87E643-59D7-3AA4-C8DA-41BF080C8461}.Release|Any CPU.Build.0 = Release|Any CPU
		{F8A8E8A5-69C8-E122-6610-390B0647FD1E}.Debug|Any CPU.ActiveCfg = Debug|Any CPU
		{F8A8E8A5-69C8-E122-6610-390B0647FD1E}.Debug|Any CPU.Build.0 = Debug|Any CPU
		{F8A8E8A5-69C8-E122-6610-390B0647FD1E}.Release|Any CPU.ActiveCfg = Release|Any CPU
		{F8A8E8A5-69C8-E122-6610-390B0647FD1E}.Release|Any CPU.Build.0 = Release|Any CPU
		{CF29AD5A-3102-9EB9-27C8-D837FEF49518}.Debug|Any CPU.ActiveCfg = Debug|Any CPU
		{CF29AD5A-3102-9EB9-27C8-D837FEF49518}.Debug|Any CPU.Build.0 = Debug|Any CPU
		{CF29AD5A-3102-9EB9-27C8-D837FEF49518}.Release|Any CPU.ActiveCfg = Release|Any CPU
		{CF29AD5A-3102-9EB9-27C8-D837FEF49518}.Release|Any CPU.Build.0 = Release|Any CPU
		{AE73DB0F-6492-8F07-652A-48D3920887AB}.Debug|Any CPU.ActiveCfg = Debug|Any CPU
		{AE73DB0F-6492-8F07-652A-48D3920887AB}.Debug|Any CPU.Build.0 = Debug|Any CPU
		{AE73DB0F-6492-8F07-652A-48D3920887AB}.Release|Any CPU.ActiveCfg = Release|Any CPU
		{AE73DB0F-6492-8F07-652A-48D3920887AB}.Release|Any CPU.Build.0 = Release|Any CPU
		{64BF0A0E-B850-3BD7-5885-2D29A2893489}.Debug|Any CPU.ActiveCfg = Debug|Any CPU
		{64BF0A0E-B850-3BD7-5885-2D29A2893489}.Debug|Any CPU.Build.0 = Debug|Any CPU
		{64BF0A0E-B850-3BD7-5885-2D29A2893489}.Release|Any CPU.ActiveCfg = Release|Any CPU
		{64BF0A0E-B850-3BD7-5885-2D29A2893489}.Release|Any CPU.Build.0 = Release|Any CPU
	EndGlobalSection
	GlobalSection(SolutionProperties) = preSolution
		HideSolutionNode = FALSE
	EndGlobalSection
EndGlobal
