
Microsoft Visual Studio Solution File, Format Version 12.00
# Visual Studio 15
Project("{FAE04EC0-301F-11D3-BF4B-00C04F79EFBC}") = "MyScripts", "MyScripts.csproj", "{A1886000-B677-546F-6232-DAC406C50484}"
EndProject
Project("{FAE04EC0-301F-11D3-BF4B-00C04F79EFBC}") = "StandardAssets", "StandardAssets.csproj", "{6F665D9C-158D-5CC6-AC86-45C957201594}"
EndProject
Project("{FAE04EC0-301F-11D3-BF4B-00C04F79EFBC}") = "NavMeshComponents", "NavMeshComponents.csproj", "{CF29AD5A-3102-9EB9-27C8-D837FEF49518}"
EndProject
Project("{FAE04EC0-301F-11D3-BF4B-00C04F79EFBC}") = "Assembly-CSharp", "Assembly-CSharp.csproj", "{CA87E643-59D7-3AA4-C8DA-41BF080C8461}"
EndProject
Project("{FAE04EC0-301F-11D3-BF4B-00C04F79EFBC}") = "NavMeshComponentsEditor", "NavMeshComponentsEditor.csproj", "{AE73DB0F-6492-8F07-652A-48D3920887AB}"
EndProject
Project("{FAE04EC0-301F-11D3-BF4B-00C04F79EFBC}") = "EditModeTests", "EditModeTests.csproj", "{A4DAA68C-4A12-726B-45ED-5BC818DEC3B9}"
EndProject
Global
	GlobalSection(SolutionConfigurationPlatforms) = preSolution
		Debug|Any CPU = Debug|Any CPU
		Release|Any CPU = Release|Any CPU
	EndGlobalSection
	GlobalSection(ProjectConfigurationPlatforms) = postSolution
		{A1886000-B677-546F-6232-DAC406C50484}.Debug|Any CPU.ActiveCfg = Debug|Any CPU
		{A1886000-B677-546F-6232-DAC406C50484}.Debug|Any CPU.Build.0 = Debug|Any CPU
		{A1886000-B677-546F-6232-DAC406C50484}.Release|Any CPU.ActiveCfg = Release|Any CPU
		{A1886000-B677-546F-6232-DAC406C50484}.Release|Any CPU.Build.0 = Release|Any CPU
		{6F665D9C-158D-5CC6-AC86-45C957201594}.Debug|Any CPU.ActiveCfg = Debug|Any CPU
		{6F665D9C-158D-5CC6-AC86-45C957201594}.Debug|Any CPU.Build.0 = Debug|Any CPU
		{6F665D9C-158D-5CC6-AC86-45C957201594}.Release|Any CPU.ActiveCfg = Release|Any CPU
		{6F665D9C-158D-5CC6-AC86-45C957201594}.Release|Any CPU.Build.0 = Release|Any CPU
		{CF29AD5A-3102-9EB9-27C8-D837FEF49518}.Debug|Any CPU.ActiveCfg = Debug|Any CPU
		{CF29AD5A-3102-9EB9-27C8-D837FEF49518}.Debug|Any CPU.Build.0 = Debug|Any CPU
		{CF29AD5A-3102-9EB9-27C8-D837FEF49518}.Release|Any CPU.ActiveCfg = Release|Any CPU
		{CF29AD5A-3102-9EB9-27C8-D837FEF49518}.Release|Any CPU.Build.0 = Release|Any CPU
		{CA87E643-59D7-3AA4-C8DA-41BF080C8461}.Debug|Any CPU.ActiveCfg = Debug|Any CPU
		{CA87E643-59D7-3AA4-C8DA-41BF080C8461}.Debug|Any CPU.Build.0 = Debug|Any CPU
		{CA87E643-59D7-3AA4-C8DA-41BF080C8461}.Release|Any CPU.ActiveCfg = Release|Any CPU
		{CA87E643-59D7-3AA4-C8DA-41BF080C8461}.Release|Any CPU.Build.0 = Release|Any CPU
		{AE73DB0F-6492-8F07-652A-48D3920887AB}.Debug|Any CPU.ActiveCfg = Debug|Any CPU
		{AE73DB0F-6492-8F07-652A-48D3920887AB}.Debug|Any CPU.Build.0 = Debug|Any CPU
		{AE73DB0F-6492-8F07-652A-48D3920887AB}.Release|Any CPU.ActiveCfg = Release|Any CPU
		{AE73DB0F-6492-8F07-652A-48D3920887AB}.Release|Any CPU.Build.0 = Release|Any CPU
		{A4DAA68C-4A12-726B-45ED-5BC818DEC3B9}.Debug|Any CPU.ActiveCfg = Debug|Any CPU
		{A4DAA68C-4A12-726B-45ED-5BC818DEC3B9}.Debug|Any CPU.Build.0 = Debug|Any CPU
		{A4DAA68C-4A12-726B-45ED-5BC818DEC3B9}.Release|Any CPU.ActiveCfg = Release|Any CPU
		{A4DAA68C-4A12-726B-45ED-5BC818DEC3B9}.Release|Any CPU.Build.0 = Release|Any CPU
	EndGlobalSection
	GlobalSection(SolutionProperties) = preSolution
		HideSolutionNode = FALSE
	EndGlobalSection
EndGlobal
